
Microsoft Visual Studio Solution File, Format Version 12.00
# Visual Studio Version 17
VisualStudioVersion = 17.11.35327.3
MinimumVisualStudioVersion = 10.0.40219.1
Project("{FAE04EC0-301F-11D3-BF4B-00C04F79EFBC}") = "FTPer", "FTPer.csproj", "{660BB678-CC14-4C17-B9A8-730F52DD573D}"
EndProject
Global
	GlobalSection(SolutionConfigurationPlatforms) = preSolution
		Debug|Any CPU = Debug|Any CPU
		Release|Any CPU = Release|Any CPU
	EndGlobalSection
	GlobalSection(ProjectConfigurationPlatforms) = postSolution
		{660BB678-CC14-4C17-B9A8-730F52DD573D}.Debug|Any CPU.ActiveCfg = Debug|Any CPU
		{660BB678-CC14-4C17-B9A8-730F52DD573D}.Debug|Any CPU.Build.0 = Debug|Any CPU
		{660BB678-CC14-4C17-B9A8-730F52DD573D}.Release|Any CPU.ActiveCfg = Release|Any CPU
		{660BB678-CC14-4C17-B9A8-730F52DD573D}.Release|Any CPU.Build.0 = Release|Any CPU
	EndGlobalSection
	GlobalSection(SolutionProperties) = preSolution
		HideSolutionNode = FALSE
	EndGlobalSection
	GlobalSection(ExtensibilityGlobals) = postSolution
		SolutionGuid = {D9F02CB7-2FDC-431C-B730-B2B41E962CA0}
	EndGlobalSection
EndGlobal
